Microsoft Visual Studio Solution File, Format Version 11.00
# Visual Studio 2008

Project("{7669C4F0-7F65-0C00-912A-637D7AE5F9CF}") = "Left ball", "Assembly-CSharp.csproj", "{935483F8-A3F1-C8E8-8C30-CF58630EA81C}"
EndProject
Global
	GlobalSection(SolutionConfigurationPlatforms) = preSolution
		Debug|Any CPU = Debug|Any CPU
		Release|Any CPU = Release|Any CPU
	EndGlobalSection
	GlobalSection(ProjectConfigurationPlatforms) = postSolution
		{935483F8-A3F1-C8E8-8C30-CF58630EA81C}.Debug|Any CPU.ActiveCfg = Debug|Any CPU
		{935483F8-A3F1-C8E8-8C30-CF58630EA81C}.Debug|Any CPU.Build.0 = Debug|Any CPU
		{935483F8-A3F1-C8E8-8C30-CF58630EA81C}.Release|Any CPU.ActiveCfg = Release|Any CPU
		{935483F8-A3F1-C8E8-8C30-CF58630EA81C}.Release|Any CPU.Build.0 = Release|Any CPU
	EndGlobalSection
	GlobalSection(SolutionProperties) = preSolution
		HideSolutionNode = FALSE
	EndGlobalSection
	GlobalSection(MonoDevelopProperties) = preSolution
		StartupItem = Assembly-CSharp.csproj
	EndGlobalSection
EndGlobal
